// !$*UTF8*$!
{
	archiveVersion = 1;
	classes = {
	};
	objectVersion = 48;
	objects = {

/* Begin PBXBuildFile section */
		09759DD4AFD92AF61B72F012 /* Pods_Star_Wars_App.framework in Frameworks */ = {isa = PBXBuildFile; fileRef = C86CB24F7E4DCA0822C20D92 /* Pods_Star_Wars_App.framework */; };
		1D9D085F31D32C7BA299F765 /* Pods_Star_Wars_AppTests.framework in Frameworks */ = {isa = PBXBuildFile; fileRef = 298021428B94A5B207787A80 /* Pods_Star_Wars_AppTests.framework */; };
		64E98AC1A0F9D0EA36E8510E /* Pods_Star_Wars_AppUITests.framework in Frameworks */ = {isa = PBXBuildFile; fileRef = 019A4AECFB1046174A43CC52 /* Pods_Star_Wars_AppUITests.framework */; };
		C9618B981FB7D0B40054BE68 /* AppDelegate.swift in Sources */ = {isa = PBXBuildFile; fileRef = C9618B971FB7D0B40054BE68 /* AppDelegate.swift */; };
		C9618B9A1FB7D0B40054BE68 /* ViewController.swift in Sources */ = {isa = PBXBuildFile; fileRef = C9618B991FB7D0B40054BE68 /* ViewController.swift */; };
		C9618B9D1FB7D0B40054BE68 /* Main.storyboard in Resources */ = {isa = PBXBuildFile; fileRef = C9618B9B1FB7D0B40054BE68 /* Main.storyboard */; };
		C9618B9F1FB7D0B40054BE68 /* Assets.xcassets in Resources */ = {isa = PBXBuildFile; fileRef = C9618B9E1FB7D0B40054BE68 /* Assets.xcassets */; };
		C9618BA21FB7D0B40054BE68 /* LaunchScreen.storyboard in Resources */ = {isa = PBXBuildFile; fileRef = C9618BA01FB7D0B40054BE68 /* LaunchScreen.storyboard */; };
		C9618BAD1FB7D0B50054BE68 /* Star_Wars_AppTests.swift in Sources */ = {isa = PBXBuildFile; fileRef = C9618BAC1FB7D0B50054BE68 /* Star_Wars_AppTests.swift */; };
		C9618BB81FB7D0B50054BE68 /* Star_Wars_AppUITests.swift in Sources */ = {isa = PBXBuildFile; fileRef = C9618BB71FB7D0B50054BE68 /* Star_Wars_AppUITests.swift */; };
		C9618BC61FB92B4C0054BE68 /* MovieCell.swift in Sources */ = {isa = PBXBuildFile; fileRef = C9618BC51FB92B4C0054BE68 /* MovieCell.swift */; };
		C9618BD31FBC05B70054BE68 /* MovieViewController.swift in Sources */ = {isa = PBXBuildFile; fileRef = C9618BD21FBC05B70054BE68 /* MovieViewController.swift */; };
/* End PBXBuildFile section */

/* Begin PBXContainerItemProxy section */
		C9618BA91FB7D0B50054BE68 /* PBXContainerItemProxy */ = {
			isa = PBXContainerItemProxy;
			containerPortal = C9618B8C1FB7D0B40054BE68 /* Project object */;
			proxyType = 1;
			remoteGlobalIDString = C9618B931FB7D0B40054BE68;
			remoteInfo = "Star Wars App";
		};
		C9618BB41FB7D0B50054BE68 /* PBXContainerItemProxy */ = {
			isa = PBXContainerItemProxy;
			containerPortal = C9618B8C1FB7D0B40054BE68 /* Project object */;
			proxyType = 1;
			remoteGlobalIDString = C9618B931FB7D0B40054BE68;
			remoteInfo = "Star Wars App";
		};
/* End PBXContainerItemProxy section */

/* Begin PBXFileReference section */
		019A4AECFB1046174A43CC52 /* Pods_Star_Wars_AppUITests.framework */ = {isa = PBXFileReference; explicitFileType = wrapper.framework; includeInIndex = 0; path = Pods_Star_Wars_AppUITests.framework; sourceTree = BUILT_PRODUCTS_DIR; };
		01ED6C31F6B0388C47300861 /* Pods-Star Wars AppUITests.debug.xcconfig */ = {isa = PBXFileReference; includeInIndex = 1; lastKnownFileType = text.xcconfig; name = "Pods-Star Wars AppUITests.debug.xcconfig"; path = "Pods/Target Support Files/Pods-Star Wars AppUITests/Pods-Star Wars AppUITests.debug.xcconfig"; sourceTree = "<group>"; };
		07A76937D7577E56C212C92F /* Pods-Star Wars AppTests.release.xcconfig */ = {isa = PBXFileReference; includeInIndex = 1; lastKnownFileType = text.xcconfig; name = "Pods-Star Wars AppTests.release.xcconfig"; path = "Pods/Target Support Files/Pods-Star Wars AppTests/Pods-Star Wars AppTests.release.xcconfig"; sourceTree = "<group>"; };
		0A6414BD93C7F414CC439774 /* Pods-Star Wars AppTests.debug.xcconfig */ = {isa = PBXFileReference; includeInIndex = 1; lastKnownFileType = text.xcconfig; name = "Pods-Star Wars AppTests.debug.xcconfig"; path = "Pods/Target Support Files/Pods-Star Wars AppTests/Pods-Star Wars AppTests.debug.xcconfig"; sourceTree = "<group>"; };
		298021428B94A5B207787A80 /* Pods_Star_Wars_AppTests.framework */ = {isa = PBXFileReference; explicitFileType = wrapper.framework; includeInIndex = 0; path = Pods_Star_Wars_AppTests.framework; sourceTree = BUILT_PRODUCTS_DIR; };
		40364FDEF2F0A4A14927C3AF /* Pods-Star Wars App.release.xcconfig */ = {isa = PBXFileReference; includeInIndex = 1; lastKnownFileType = text.xcconfig; name = "Pods-Star Wars App.release.xcconfig"; path = "Pods/Target Support Files/Pods-Star Wars App/Pods-Star Wars App.release.xcconfig"; sourceTree = "<group>"; };
		6A64211AB786B0CECF4429C6 /* Pods-Star Wars App.debug.xcconfig */ = {isa = PBXFileReference; includeInIndex = 1; lastKnownFileType = text.xcconfig; name = "Pods-Star Wars App.debug.xcconfig"; path = "Pods/Target Support Files/Pods-Star Wars App/Pods-Star Wars App.debug.xcconfig"; sourceTree = "<group>"; };
		C86CB24F7E4DCA0822C20D92 /* Pods_Star_Wars_App.framework */ = {isa = PBXFileReference; explicitFileType = wrapper.framework; includeInIndex = 0; path = Pods_Star_Wars_App.framework; sourceTree = BUILT_PRODUCTS_DIR; };
		C9618B941FB7D0B40054BE68 /* Star Wars App.app */ = {isa = PBXFileReference; explicitFileType = wrapper.application; includeInIndex = 0; path = "Star Wars App.app"; sourceTree = BUILT_PRODUCTS_DIR; };
		C9618B971FB7D0B40054BE68 /* AppDelegate.swift */ = {isa = PBXFileReference; lastKnownFileType = sourcecode.swift; path = AppDelegate.swift; sourceTree = "<group>"; };
		C9618B991FB7D0B40054BE68 /* ViewController.swift */ = {isa = PBXFileReference; lastKnownFileType = sourcecode.swift; path = ViewController.swift; sourceTree = "<group>"; };
		C9618B9C1FB7D0B40054BE68 /* Base */ = {isa = PBXFileReference; lastKnownFileType = file.storyboard; name = Base; path = Base.lproj/Main.storyboard; sourceTree = "<group>"; };
		C9618B9E1FB7D0B40054BE68 /* Assets.xcassets */ = {isa = PBXFileReference; lastKnownFileType = folder.assetcatalog; path = Assets.xcassets; sourceTree = "<group>"; };
		C9618BA11FB7D0B40054BE68 /* Base */ = {isa = PBXFileReference; lastKnownFileType = file.storyboard; name = Base; path = Base.lproj/LaunchScreen.storyboard; sourceTree = "<group>"; };
		C9618BA31FB7D0B40054BE68 /* Info.plist */ = {isa = PBXFileReference; lastKnownFileType = text.plist.xml; path = Info.plist; sourceTree = "<group>"; };
		C9618BA81FB7D0B50054BE68 /* Star Wars AppTests.xctest */ = {isa = PBXFileReference; explicitFileType = wrapper.cfbundle; includeInIndex = 0; path = "Star Wars AppTests.xctest"; sourceTree = BUILT_PRODUCTS_DIR; };
		C9618BAC1FB7D0B50054BE68 /* Star_Wars_AppTests.swift */ = {isa = PBXFileReference; lastKnownFileType = sourcecode.swift; path = Star_Wars_AppTests.swift; sourceTree = "<group>"; };
		C9618BAE1FB7D0B50054BE68 /* Info.plist */ = {isa = PBXFileReference; lastKnownFileType = text.plist.xml; path = Info.plist; sourceTree = "<group>"; };
		C9618BB31FB7D0B50054BE68 /* Star Wars AppUITests.xctest */ = {isa = PBXFileReference; explicitFileType = wrapper.cfbundle; includeInIndex = 0; path = "Star Wars AppUITests.xctest"; sourceTree = BUILT_PRODUCTS_DIR; };
		C9618BB71FB7D0B50054BE68 /* Star_Wars_AppUITests.swift */ = {isa = PBXFileReference; lastKnownFileType = sourcecode.swift; path = Star_Wars_AppUITests.swift; sourceTree = "<group>"; };
		C9618BB91FB7D0B50054BE68 /* Info.plist */ = {isa = PBXFileReference; lastKnownFileType = text.plist.xml; path = Info.plist; sourceTree = "<group>"; };
		C9618BC51FB92B4C0054BE68 /* MovieCell.swift */ = {isa = PBXFileReference; lastKnownFileType = sourcecode.swift; path = MovieCell.swift; sourceTree = "<group>"; };
		C9618BD21FBC05B70054BE68 /* MovieViewController.swift */ = {isa = PBXFileReference; lastKnownFileType = sourcecode.swift; path = MovieViewController.swift; sourceTree = "<group>"; };
		D61BFFE8066956ED0FDE5F4E /* Pods-Star Wars AppUITests.release.xcconfig */ = {isa = PBXFileReference; includeInIndex = 1; lastKnownFileType = text.xcconfig; name = "Pods-Star Wars AppUITests.release.xcconfig"; path = "Pods/Target Support Files/Pods-Star Wars AppUITests/Pods-Star Wars AppUITests.release.xcconfig"; sourceTree = "<group>"; };
/* End PBXFileReference section */

/* Begin PBXFrameworksBuildPhase section */
		C9618B911FB7D0B40054BE68 /* Frameworks */ = {
			isa = PBXFrameworksBuildPhase;
			buildActionMask = 2147483647;
			files = (
				09759DD4AFD92AF61B72F012 /* Pods_Star_Wars_App.framework in Frameworks */,
			);
			runOnlyForDeploymentPostprocessing = 0;
		};
		C9618BA51FB7D0B50054BE68 /* Frameworks */ = {
			isa = PBXFrameworksBuildPhase;
			buildActionMask = 2147483647;
			files = (
				1D9D085F31D32C7BA299F765 /* Pods_Star_Wars_AppTests.framework in Frameworks */,
			);
			runOnlyForDeploymentPostprocessing = 0;
		};
		C9618BB01FB7D0B50054BE68 /* Frameworks */ = {
			isa = PBXFrameworksBuildPhase;
			buildActionMask = 2147483647;
			files = (
				64E98AC1A0F9D0EA36E8510E /* Pods_Star_Wars_AppUITests.framework in Frameworks */,
			);
			runOnlyForDeploymentPostprocessing = 0;
		};
/* End PBXFrameworksBuildPhase section */

/* Begin PBXGroup section */
		34A05090B0C11EFFCF96CF8B /* Frameworks */ = {
			isa = PBXGroup;
			children = (
				C86CB24F7E4DCA0822C20D92 /* Pods_Star_Wars_App.framework */,
				298021428B94A5B207787A80 /* Pods_Star_Wars_AppTests.framework */,
				019A4AECFB1046174A43CC52 /* Pods_Star_Wars_AppUITests.framework */,
			);
			name = Frameworks;
			sourceTree = "<group>";
		};
		60B6CC08FB8558B1649DEDE6 /* Pods */ = {
			isa = PBXGroup;
			children = (
				6A64211AB786B0CECF4429C6 /* Pods-Star Wars App.debug.xcconfig */,
				40364FDEF2F0A4A14927C3AF /* Pods-Star Wars App.release.xcconfig */,
				0A6414BD93C7F414CC439774 /* Pods-Star Wars AppTests.debug.xcconfig */,
				07A76937D7577E56C212C92F /* Pods-Star Wars AppTests.release.xcconfig */,
				01ED6C31F6B0388C47300861 /* Pods-Star Wars AppUITests.debug.xcconfig */,
				D61BFFE8066956ED0FDE5F4E /* Pods-Star Wars AppUITests.release.xcconfig */,
			);
			name = Pods;
			sourceTree = "<group>";
		};
		C9618B8B1FB7D0B40054BE68 = {
			isa = PBXGroup;
			children = (
				C9618B961FB7D0B40054BE68 /* Star Wars App */,
				C9618BAB1FB7D0B50054BE68 /* Star Wars AppTests */,
				C9618BB61FB7D0B50054BE68 /* Star Wars AppUITests */,
				C9618B951FB7D0B40054BE68 /* Products */,
				60B6CC08FB8558B1649DEDE6 /* Pods */,
				34A05090B0C11EFFCF96CF8B /* Frameworks */,
			);
			sourceTree = "<group>";
		};
		C9618B951FB7D0B40054BE68 /* Products */ = {
			isa = PBXGroup;
			children = (
				C9618B941FB7D0B40054BE68 /* Star Wars App.app */,
				C9618BA81FB7D0B50054BE68 /* Star Wars AppTests.xctest */,
				C9618BB31FB7D0B50054BE68 /* Star Wars AppUITests.xctest */,
			);
			name = Products;
			sourceTree = "<group>";
		};
		C9618B961FB7D0B40054BE68 /* Star Wars App */ = {
			isa = PBXGroup;
			children = (
				C9618B971FB7D0B40054BE68 /* AppDelegate.swift */,
				C9618BD21FBC05B70054BE68 /* MovieViewController.swift */,
				C9618B991FB7D0B40054BE68 /* ViewController.swift */,
				C9618BC51FB92B4C0054BE68 /* MovieCell.swift */,
				C9618B9B1FB7D0B40054BE68 /* Main.storyboard */,
				C9618B9E1FB7D0B40054BE68 /* Assets.xcassets */,
				C9618BA01FB7D0B40054BE68 /* LaunchScreen.storyboard */,
				C9618BA31FB7D0B40054BE68 /* Info.plist */,
			);
			path = "Star Wars App";
			sourceTree = "<group>";
		};
		C9618BAB1FB7D0B50054BE68 /* Star Wars AppTests */ = {
			isa = PBXGroup;
			children = (
				C9618BAC1FB7D0B50054BE68 /* Star_Wars_AppTests.swift */,
				C9618BAE1FB7D0B50054BE68 /* Info.plist */,
			);
			path = "Star Wars AppTests";
			sourceTree = "<group>";
		};
		C9618BB61FB7D0B50054BE68 /* Star Wars AppUITests */ = {
			isa = PBXGroup;
			children = (
				C9618BB71FB7D0B50054BE68 /* Star_Wars_AppUITests.swift */,
				C9618BB91FB7D0B50054BE68 /* Info.plist */,
			);
			path = "Star Wars AppUITests";
			sourceTree = "<group>";
		};
/* End PBXGroup section */

/* Begin PBXNativeTarget section */
		C9618B931FB7D0B40054BE68 /* Star Wars App */ = {
			isa = PBXNativeTarget;
			buildConfigurationList = C9618BBC1FB7D0B50054BE68 /* Build configuration list for PBXNativeTarget "Star Wars App" */;
			buildPhases = (
				E9824ECC8258EB2AD6314B92 /* [CP] Check Pods Manifest.lock */,
				C9618B901FB7D0B40054BE68 /* Sources */,
				C9618B911FB7D0B40054BE68 /* Frameworks */,
				C9618B921FB7D0B40054BE68 /* Resources */,
				67297836A87465EF97C0E71E /* [CP] Embed Pods Frameworks */,
				5B5E43B4A098970CE85D7D80 /* [CP] Copy Pods Resources */,
			);
			buildRules = (
			);
			dependencies = (
			);
			name = "Star Wars App";
			productName = "Star Wars App";
			productReference = C9618B941FB7D0B40054BE68 /* Star Wars App.app */;
			productType = "com.apple.product-type.application";
		};
		C9618BA71FB7D0B50054BE68 /* Star Wars AppTests */ = {
			isa = PBXNativeTarget;
			buildConfigurationList = C9618BBF1FB7D0B50054BE68 /* Build configuration list for PBXNativeTarget "Star Wars AppTests" */;
			buildPhases = (
				995E771F1C7E593DAFEAF4D0 /* [CP] Check Pods Manifest.lock */,
				C9618BA41FB7D0B50054BE68 /* Sources */,
				C9618BA51FB7D0B50054BE68 /* Frameworks */,
				C9618BA61FB7D0B50054BE68 /* Resources */,
				37B74F5449C29BB78516BDBC /* [CP] Embed Pods Frameworks */,
				2BD0DAD29E946FBF42C63233 /* [CP] Copy Pods Resources */,
			);
			buildRules = (
			);
			dependencies = (
				C9618BAA1FB7D0B50054BE68 /* PBXTargetDependency */,
			);
			name = "Star Wars AppTests";
			productName = "Star Wars AppTests";
			productReference = C9618BA81FB7D0B50054BE68 /* Star Wars AppTests.xctest */;
			productType = "com.apple.product-type.bundle.unit-test";
		};
		C9618BB21FB7D0B50054BE68 /* Star Wars AppUITests */ = {
			isa = PBXNativeTarget;
			buildConfigurationList = C9618BC21FB7D0B50054BE68 /* Build configuration list for PBXNativeTarget "Star Wars AppUITests" */;
			buildPhases = (
				55ACA7B756E1DCFDDCC3EF19 /* [CP] Check Pods Manifest.lock */,
				C9618BAF1FB7D0B50054BE68 /* Sources */,
				C9618BB01FB7D0B50054BE68 /* Frameworks */,
				C9618BB11FB7D0B50054BE68 /* Resources */,
				3C3627FEF84F5FA32CE2E0FB /* [CP] Embed Pods Frameworks */,
				AF1B7AF091F8AE615E280BC9 /* [CP] Copy Pods Resources */,
			);
			buildRules = (
			);
			dependencies = (
				C9618BB51FB7D0B50054BE68 /* PBXTargetDependency */,
			);
			name = "Star Wars AppUITests";
			productName = "Star Wars AppUITests";
			productReference = C9618BB31FB7D0B50054BE68 /* Star Wars AppUITests.xctest */;
			productType = "com.apple.product-type.bundle.ui-testing";
		};
/* End PBXNativeTarget section */

/* Begin PBXProject section */
		C9618B8C1FB7D0B40054BE68 /* Project object */ = {
			isa = PBXProject;
			attributes = {
				LastSwiftUpdateCheck = 0910;
				LastUpgradeCheck = 0910;
				ORGANIZATIONNAME = "Salman Fakhri";
				TargetAttributes = {
					C9618B931FB7D0B40054BE68 = {
						CreatedOnToolsVersion = 9.1;
						ProvisioningStyle = Automatic;
					};
					C9618BA71FB7D0B50054BE68 = {
						CreatedOnToolsVersion = 9.1;
						ProvisioningStyle = Automatic;
						TestTargetID = C9618B931FB7D0B40054BE68;
					};
					C9618BB21FB7D0B50054BE68 = {
						CreatedOnToolsVersion = 9.1;
						ProvisioningStyle = Automatic;
						TestTargetID = C9618B931FB7D0B40054BE68;
					};
				};
			};
			buildConfigurationList = C9618B8F1FB7D0B40054BE68 /* Build configuration list for PBXProject "Star Wars App" */;
			compatibilityVersion = "Xcode 8.0";
			developmentRegion = en;
			hasScannedForEncodings = 0;
			knownRegions = (
				en,
				Base,
			);
			mainGroup = C9618B8B1FB7D0B40054BE68;
			productRefGroup = C9618B951FB7D0B40054BE68 /* Products */;
			projectDirPath = "";
			projectRoot = "";
			targets = (
				C9618B931FB7D0B40054BE68 /* Star Wars App */,
				C9618BA71FB7D0B50054BE68 /* Star Wars AppTests */,
				C9618BB21FB7D0B50054BE68 /* Star Wars AppUITests */,
			);
		};
/* End PBXProject section */

/* Begin PBXResourcesBuildPhase section */
		C9618B921FB7D0B40054BE68 /* Resources */ = {
			isa = PBXResourcesBuildPhase;
			buildActionMask = 2147483647;
			files = (
				C9618BA21FB7D0B40054BE68 /* LaunchScreen.storyboard in Resources */,
				C9618B9F1FB7D0B40054BE68 /* Assets.xcassets in Resources */,
				C9618B9D1FB7D0B40054BE68 /* Main.storyboard in Resources */,
			);
			runOnlyForDeploymentPostprocessing = 0;
		};
		C9618BA61FB7D0B50054BE68 /* Resources */ = {
			isa = PBXResourcesBuildPhase;
			buildActionMask = 2147483647;
			files = (
			);
			runOnlyForDeploymentPostprocessing = 0;
		};
		C9618BB11FB7D0B50054BE68 /* Resources */ = {
			isa = PBXResourcesBuildPhase;
			buildActionMask = 2147483647;
			files = (
			);
			runOnlyForDeploymentPostprocessing = 0;
		};
/* End PBXResourcesBuildPhase section */

/* Begin PBXShellScriptBuildPhase section */
		2BD0DAD29E946FBF42C63233 /* [CP] Copy Pods Resources */ = {
			isa = PBXShellScriptBuildPhase;
			buildActionMask = 2147483647;
			files = (
			);
			inputPaths = (
			);
			name = "[CP] Copy Pods Resources";
			outputPaths = (
			);
			runOnlyForDeploymentPostprocessing = 0;
			shellPath = /bin/sh;
			shellScript = "\"${SRCROOT}/Pods/Target Support Files/Pods-Star Wars AppTests/Pods-Star Wars AppTests-resources.sh\"\n";
			showEnvVarsInLog = 0;
		};
		37B74F5449C29BB78516BDBC /* [CP] Embed Pods Frameworks */ = {
			isa = PBXShellScriptBuildPhase;
			buildActionMask = 2147483647;
			files = (
			);
			inputPaths = (
			);
			name = "[CP] Embed Pods Frameworks";
			outputPaths = (
			);
			runOnlyForDeploymentPostprocessing = 0;
			shellPath = /bin/sh;
			shellScript = "\"${SRCROOT}/Pods/Target Support Files/Pods-Star Wars AppTests/Pods-Star Wars AppTests-frameworks.sh\"\n";
			showEnvVarsInLog = 0;
		};
		3C3627FEF84F5FA32CE2E0FB /* [CP] Embed Pods Frameworks */ = {
			isa = PBXShellScriptBuildPhase;
			buildActionMask = 2147483647;
			files = (
			);
			inputPaths = (
			);
			name = "[CP] Embed Pods Frameworks";
			outputPaths = (
			);
			runOnlyForDeploymentPostprocessing = 0;
			shellPath = /bin/sh;
			shellScript = "\"${SRCROOT}/Pods/Target Support Files/Pods-Star Wars AppUITests/Pods-Star Wars AppUITests-frameworks.sh\"\n";
			showEnvVarsInLog = 0;
		};
		55ACA7B756E1DCFDDCC3EF19 /* [CP] Check Pods Manifest.lock */ = {
			isa = PBXShellScriptBuildPhase;
			buildActionMask = 2147483647;
			files = (
			);
			inputPaths = (
				"${PODS_PODFILE_DIR_PATH}/Podfile.lock",
				"${PODS_ROOT}/Manifest.lock",
			);
			name = "[CP] Check Pods Manifest.lock";
			outputPaths = (
				"$(DERIVED_FILE_DIR)/Pods-Star Wars AppUITests-checkManifestLockResult.txt",
			);
			runOnlyForDeploymentPostprocessing = 0;
			shellPath = /bin/sh;
			shellScript = "diff \"${PODS_PODFILE_DIR_PATH}/Podfile.lock\" \"${PODS_ROOT}/Manifest.lock\" > /dev/null\nif [ $? != 0 ] ; then\n    # print error to STDERR\n    echo \"error: The sandbox is not in sync with the Podfile.lock. Run 'pod install' or update your CocoaPods installation.\" >&2\n    exit 1\nfi\n# This output is used by Xcode 'outputs' to avoid re-running this script phase.\necho \"SUCCESS\" > \"${SCRIPT_OUTPUT_FILE_0}\"\n";
			showEnvVarsInLog = 0;
		};
		5B5E43B4A098970CE85D7D80 /* [CP] Copy Pods Resources */ = {
			isa = PBXShellScriptBuildPhase;
			buildActionMask = 2147483647;
			files = (
			);
			inputPaths = (
			);
			name = "[CP] Copy Pods Resources";
			outputPaths = (
			);
			runOnlyForDeploymentPostprocessing = 0;
			shellPath = /bin/sh;
			shellScript = "\"${SRCROOT}/Pods/Target Support Files/Pods-Star Wars App/Pods-Star Wars App-resources.sh\"\n";
			showEnvVarsInLog = 0;
		};
		67297836A87465EF97C0E71E /* [CP] Embed Pods Frameworks */ = {
			isa = PBXShellScriptBuildPhase;
			buildActionMask = 2147483647;
			files = (
			);
			inputPaths = (
				"${SRCROOT}/Pods/Target Support Files/Pods-Star Wars App/Pods-Star Wars App-frameworks.sh",
				"${BUILT_PRODUCTS_DIR}/SwiftyJSON/SwiftyJSON.framework",
			);
			name = "[CP] Embed Pods Frameworks";
			outputPaths = (
				"${TARGET_BUILD_DIR}/${FRAMEWORKS_FOLDER_PATH}/SwiftyJSON.framework",
			);
			runOnlyForDeploymentPostprocessing = 0;
			shellPath = /bin/sh;
			shellScript = "\"${SRCROOT}/Pods/Target Support Files/Pods-Star Wars App/Pods-Star Wars App-frameworks.sh\"\n";
			showEnvVarsInLog = 0;
		};
		995E771F1C7E593DAFEAF4D0 /* [CP] Check Pods Manifest.lock */ = {
			isa = PBXShellScriptBuildPhase;
			buildActionMask = 2147483647;
			files = (
			);
			inputPaths = (
				"${PODS_PODFILE_DIR_PATH}/Podfile.lock",
				"${PODS_ROOT}/Manifest.lock",
			);
			name = "[CP] Check Pods Manifest.lock";
			outputPaths = (
				"$(DERIVED_FILE_DIR)/Pods-Star Wars AppTests-checkManifestLockResult.txt",
			);
			runOnlyForDeploymentPostprocessing = 0;
			shellPath = /bin/sh;
			shellScript = "diff \"${PODS_PODFILE_DIR_PATH}/Podfile.lock\" \"${PODS_ROOT}/Manifest.lock\" > /dev/null\nif [ $? != 0 ] ; then\n    # print error to STDERR\n    echo \"error: The sandbox is not in sync with the Podfile.lock. Run 'pod install' or update your CocoaPods installation.\" >&2\n    exit 1\nfi\n# This output is used by Xcode 'outputs' to avoid re-running this script phase.\necho \"SUCCESS\" > \"${SCRIPT_OUTPUT_FILE_0}\"\n";
			showEnvVarsInLog = 0;
		};
		AF1B7AF091F8AE615E280BC9 /* [CP] Copy Pods Resources */ = {
			isa = PBXShellScriptBuildPhase;
			buildActionMask = 2147483647;
			files = (
			);
			inputPaths = (
			);
			name = "[CP] Copy Pods Resources";
			outputPaths = (
			);
			runOnlyForDeploymentPostprocessing = 0;
			shellPath = /bin/sh;
			shellScript = "\"${SRCROOT}/Pods/Target Support Files/Pods-Star Wars AppUITests/Pods-Star Wars AppUITests-resources.sh\"\n";
			showEnvVarsInLog = 0;
		};
		E9824ECC8258EB2AD6314B92 /* [CP] Check Pods Manifest.lock */ = {
			isa = PBXShellScriptBuildPhase;
			buildActionMask = 2147483647;
			files = (
			);
			inputPaths = (
				"${PODS_PODFILE_DIR_PATH}/Podfile.lock",
				"${PODS_ROOT}/Manifest.lock",
			);
			name = "[CP] Check Pods Manifest.lock";
			outputPaths = (
				"$(DERIVED_FILE_DIR)/Pods-Star Wars App-checkManifestLockResult.txt",
			);
			runOnlyForDeploymentPostprocessing = 0;
			shellPath = /bin/sh;
			shellScript = "diff \"${PODS_PODFILE_DIR_PATH}/Podfile.lock\" \"${PODS_ROOT}/Manifest.lock\" > /dev/null\nif [ $? != 0 ] ; then\n    # print error to STDERR\n    echo \"error: The sandbox is not in sync with the Podfile.lock. Run 'pod install' or update your CocoaPods installation.\" >&2\n    exit 1\nfi\n# This output is used by Xcode 'outputs' to avoid re-running this script phase.\necho \"SUCCESS\" > \"${SCRIPT_OUTPUT_FILE_0}\"\n";
			showEnvVarsInLog = 0;
		};
/* End PBXShellScriptBuildPhase section */

/* Begin PBXSourcesBuildPhase section */
		C9618B901FB7D0B40054BE68 /* Sources */ = {
			isa = PBXSourcesBuildPhase;
			buildActionMask = 2147483647;
			files = (
				C9618B9A1FB7D0B40054BE68 /* ViewController.swift in Sources */,
				C9618B981FB7D0B40054BE68 /* AppDelegate.swift in Sources */,
				C9618BC61FB92B4C0054BE68 /* MovieCell.swift in Sources */,
				C9618BD31FBC05B70054BE68 /* MovieViewController.swift in Sources */,
			);
			runOnlyForDeploymentPostprocessing = 0;
		};
		C9618BA41FB7D0B50054BE68 /* Sources */ = {
			isa = PBXSourcesBuildPhase;
			buildActionMask = 2147483647;
			files = (
				C9618BAD1FB7D0B50054BE68 /* Star_Wars_AppTests.swift in Sources */,
			);
			runOnlyForDeploymentPostprocessing = 0;
		};
		C9618BAF1FB7D0B50054BE68 /* Sources */ = {
			isa = PBXSourcesBuildPhase;
			buildActionMask = 2147483647;
			files = (
				C9618BB81FB7D0B50054BE68 /* Star_Wars_AppUITests.swift in Sources */,
			);
			runOnlyForDeploymentPostprocessing = 0;
		};
/* End PBXSourcesBuildPhase section */

/* Begin PBXTargetDependency section */
		C9618BAA1FB7D0B50054BE68 /* PBXTargetDependency */ = {
			isa = PBXTargetDependency;
			target = C9618B931FB7D0B40054BE68 /* Star Wars App */;
			targetProxy = C9618BA91FB7D0B50054BE68 /* PBXContainerItemProxy */;
		};
		C9618BB51FB7D0B50054BE68 /* PBXTargetDependency */ = {
			isa = PBXTargetDependency;
			target = C9618B931FB7D0B40054BE68 /* Star Wars App */;
			targetProxy = C9618BB41FB7D0B50054BE68 /* PBXContainerItemProxy */;
		};
/* End PBXTargetDependency section */

/* Begin PBXVariantGroup section */
		C9618B9B1FB7D0B40054BE68 /* Main.storyboard */ = {
			isa = PBXVariantGroup;
			children = (
				C9618B9C1FB7D0B40054BE68 /* Base */,
			);
			name = Main.storyboard;
			sourceTree = "<group>";
		};
		C9618BA01FB7D0B40054BE68 /* LaunchScreen.storyboard */ = {
			isa = PBXVariantGroup;
			children = (
				C9618BA11FB7D0B40054BE68 /* Base */,
			);
			name = LaunchScreen.storyboard;
			sourceTree = "<group>";
		};
/* End PBXVariantGroup section */

/* Begin XCBuildConfiguration section */
		C9618BBA1FB7D0B50054BE68 /* Debug */ = {
			isa = XCBuildConfiguration;
			buildSettings = {
				ALWAYS_SEARCH_USER_PATHS = NO;
				CLANG_ANALYZER_NONNULL = YES;
				CLANG_ANALYZER_NUMBER_OBJECT_CONVERSION = YES_AGGRESSIVE;
				CLANG_CXX_LANGUAGE_STANDARD = "gnu++14";
				CLANG_CXX_LIBRARY = "libc++";
				CLANG_ENABLE_MODULES = YES;
				CLANG_ENABLE_OBJC_ARC = YES;
				CLANG_WARN_BLOCK_CAPTURE_AUTORELEASING = YES;
				CLANG_WARN_BOOL_CONVERSION = YES;
				CLANG_WARN_COMMA = YES;
				CLANG_WARN_CONSTANT_CONVERSION = YES;
				CLANG_WARN_DIRECT_OBJC_ISA_USAGE = YES_ERROR;
				CLANG_WARN_DOCUMENTATION_COMMENTS = YES;
				CLANG_WARN_EMPTY_BODY = YES;
				CLANG_WARN_ENUM_CONVERSION = YES;
				CLANG_WARN_INFINITE_RECURSION = YES;
				CLANG_WARN_INT_CONVERSION = YES;
				CLANG_WARN_NON_LITERAL_NULL_CONVERSION = YES;
				CLANG_WARN_OBJC_LITERAL_CONVERSION = YES;
				CLANG_WARN_OBJC_ROOT_CLASS = YES_ERROR;
				CLANG_WARN_RANGE_LOOP_ANALYSIS = YES;
				CLANG_WARN_STRICT_PROTOTYPES = YES;
				CLANG_WARN_SUSPICIOUS_MOVE = YES;
				CLANG_WARN_UNGUARDED_AVAILABILITY = YES_AGGRESSIVE;
				CLANG_WARN_UNREACHABLE_CODE = YES;
				CLANG_WARN__DUPLICATE_METHOD_MATCH = YES;
				CODE_SIGN_IDENTITY = "iPhone Developer";
				COPY_PHASE_STRIP = NO;
				DEBUG_INFORMATION_FORMAT = dwarf;
				ENABLE_STRICT_OBJC_MSGSEND = YES;
				ENABLE_TESTABILITY = YES;
				GCC_C_LANGUAGE_STANDARD = gnu11;
				GCC_DYNAMIC_NO_PIC = NO;
				GCC_NO_COMMON_BLOCKS = YES;
				GCC_OPTIMIZATION_LEVEL = 0;
				GCC_PREPROCESSOR_DEFINITIONS = (
					"DEBUG=1",
					"$(inherited)",
				);
				GCC_WARN_64_TO_32_BIT_CONVERSION = YES;
				GCC_WARN_ABOUT_RETURN_TYPE = YES_ERROR;
				GCC_WARN_UNDECLARED_SELECTOR = YES;
				GCC_WARN_UNINITIALIZED_AUTOS = YES_AGGRESSIVE;
				GCC_WARN_UNUSED_FUNCTION = YES;
				GCC_WARN_UNUSED_VARIABLE = YES;
				IPHONEOS_DEPLOYMENT_TARGET = 11.1;
				MTL_ENABLE_DEBUG_INFO = YES;
				ONLY_ACTIVE_ARCH = YES;
				SDKROOT = iphoneos;
				SWIFT_ACTIVE_COMPILATION_CONDITIONS = DEBUG;
				SWIFT_OPTIMIZATION_LEVEL = "-Onone";
			};
			name = Debug;
		};
		C9618BBB1FB7D0B50054BE68 /* Release */ = {
			isa = XCBuildConfiguration;
			buildSettings = {
				ALWAYS_SEARCH_USER_PATHS = NO;
				CLANG_ANALYZER_NONNULL = YES;
				CLANG_ANALYZER_NUMBER_OBJECT_CONVERSION = YES_AGGRESSIVE;
				CLANG_CXX_LANGUAGE_STANDARD = "gnu++14";
				CLANG_CXX_LIBRARY = "libc++";
				CLANG_ENABLE_MODULES = YES;
				CLANG_ENABLE_OBJC_ARC = YES;
				CLANG_WARN_BLOCK_CAPTURE_AUTORELEASING = YES;
				CLANG_WARN_BOOL_CONVERSION = YES;
				CLANG_WARN_COMMA = YES;
				CLANG_WARN_CONSTANT_CONVERSION = YES;
				CLANG_WARN_DIRECT_OBJC_ISA_USAGE = YES_ERROR;
				CLANG_WARN_DOCUMENTATION_COMMENTS = YES;
				CLANG_WARN_EMPTY_BODY = YES;
				CLANG_WARN_ENUM_CONVERSION = YES;
				CLANG_WARN_INFINITE_RECURSION = YES;
				CLANG_WARN_INT_CONVERSION = YES;
				CLANG_WARN_NON_LITERAL_NULL_CONVERSION = YES;
				CLANG_WARN_OBJC_LITERAL_CONVERSION = YES;
				CLANG_WARN_OBJC_ROOT_CLASS = YES_ERROR;
				CLANG_WARN_RANGE_LOOP_ANALYSIS = YES;
				CLANG_WARN_STRICT_PROTOTYPES = YES;
				CLANG_WARN_SUSPICIOUS_MOVE = YES;
				CLANG_WARN_UNGUARDED_AVAILABILITY = YES_AGGRESSIVE;
				CLANG_WARN_UNREACHABLE_CODE = YES;
				CLANG_WARN__DUPLICATE_METHOD_MATCH = YES;
				CODE_SIGN_IDENTITY = "iPhone Developer";
				COPY_PHASE_STRIP = NO;
				DEBUG_INFORMATION_FORMAT = "dwarf-with-dsym";
				ENABLE_NS_ASSERTIONS = NO;
				ENABLE_STRICT_OBJC_MSGSEND = YES;
				GCC_C_LANGUAGE_STANDARD = gnu11;
				GCC_NO_COMMON_BLOCKS = YES;
				GCC_WARN_64_TO_32_BIT_CONVERSION = YES;
				GCC_WARN_ABOUT_RETURN_TYPE = YES_ERROR;
				GCC_WARN_UNDECLARED_SELECTOR = YES;
				GCC_WARN_UNINITIALIZED_AUTOS = YES_AGGRESSIVE;
				GCC_WARN_UNUSED_FUNCTION = YES;
				GCC_WARN_UNUSED_VARIABLE = YES;
				IPHONEOS_DEPLOYMENT_TARGET = 11.1;
				MTL_ENABLE_DEBUG_INFO = NO;
				SDKROOT = iphoneos;
				SWIFT_OPTIMIZATION_LEVEL = "-Owholemodule";
				VALIDATE_PRODUCT = YES;
			};
			name = Release;
		};
		C9618BBD1FB7D0B50054BE68 /* Debug */ = {
			isa = XCBuildConfiguration;
			baseConfigurationReference = 6A64211AB786B0CECF4429C6 /* Pods-Star Wars App.debug.xcconfig */;
			buildSettings = {
				ASSETCATALOG_COMPILER_APPICON_NAME = AppIcon;
				CODE_SIGN_STYLE = Automatic;
				DEVELOPMENT_TEAM = C3YP8P798R;
				INFOPLIST_FILE = "Star Wars App/Info.plist";
				LD_RUNPATH_SEARCH_PATHS = "$(inherited) @executable_path/Frameworks";
				PRODUCT_BUNDLE_IDENTIFIER = "com.salmanfakhri.Star-Wars-App";
				PRODUCT_NAME = "$(TARGET_NAME)";
				SWIFT_VERSION = 4.0;
				TARGETED_DEVICE_FAMILY = "1,2";
			};
			name = Debug;
		};
		C9618BBE1FB7D0B50054BE68 /* Release */ = {
			isa = XCBuildConfiguration;
			baseConfigurationReference = 40364FDEF2F0A4A14927C3AF /* Pods-Star Wars App.release.xcconfig */;
			buildSettings = {
				ASSETCATALOG_COMPILER_APPICON_NAME = AppIcon;
				CODE_SIGN_STYLE = Automatic;
				DEVELOPMENT_TEAM = C3YP8P798R;
				INFOPLIST_FILE = "Star Wars App/Info.plist";
				LD_RUNPATH_SEARCH_PATHS = "$(inherited) @executable_path/Frameworks";
				PRODUCT_BUNDLE_IDENTIFIER = "com.salmanfakhri.Star-Wars-App";
				PRODUCT_NAME = "$(TARGET_NAME)";
				SWIFT_VERSION = 4.0;
				TARGETED_DEVICE_FAMILY = "1,2";
			};
			name = Release;
		};
		C9618BC01FB7D0B50054BE68 /* Debug */ = {
			isa = XCBuildConfiguration;
			baseConfigurationReference = 0A6414BD93C7F414CC439774 /* Pods-Star Wars AppTests.debug.xcconfig */;
			buildSettings = {
				ALWAYS_EMBED_SWIFT_STANDARD_LIBRARIES = YES;
				BUNDLE_LOADER = "$(TEST_HOST)";
				CODE_SIGN_STYLE = Automatic;
				DEVELOPMENT_TEAM = C3YP8P798R;
				INFOPLIST_FILE = "Star Wars AppTests/Info.plist";
				LD_RUNPATH_SEARCH_PATHS = "$(inherited) @executable_path/Frameworks @loader_path/Frameworks";
				PRODUCT_BUNDLE_IDENTIFIER = "com.salmanfakhri.Star-Wars-AppTests";
				PRODUCT_NAME = "$(TARGET_NAME)";
				SWIFT_VERSION = 4.0;
				TARGETED_DEVICE_FAMILY = "1,2";
				TEST_HOST = "$(BUILT_PRODUCTS_DIR)/Star Wars App.app/Star Wars App";
			};
			name = Debug;
		};
		C9618BC11FB7D0B50054BE68 /* Release */ = {
			isa = XCBuildConfiguration;
			baseConfigurationReference = 07A76937D7577E56C212C92F /* Pods-Star Wars AppTests.release.xcconfig */;
			buildSettings = {
				ALWAYS_EMBED_SWIFT_STANDARD_LIBRARIES = YES;
				BUNDLE_LOADER = "$(TEST_HOST)";
				CODE_SIGN_STYLE = Automatic;
				DEVELOPMENT_TEAM = C3YP8P798R;
				INFOPLIST_FILE = "Star Wars AppTests/Info.plist";
				LD_RUNPATH_SEARCH_PATHS = "$(inherited) @executable_path/Frameworks @loader_path/Frameworks";
				PRODUCT_BUNDLE_IDENTIFIER = "com.salmanfakhri.Star-Wars-AppTests";
				PRODUCT_NAME = "$(TARGET_NAME)";
				SWIFT_VERSION = 4.0;
				TARGETED_DEVICE_FAMILY = "1,2";
				TEST_HOST = "$(BUILT_PRODUCTS_DIR)/Star Wars App.app/Star Wars App";
			};
			name = Release;
		};
		C9618BC31FB7D0B50054BE68 /* Debug */ = {
			isa = XCBuildConfiguration;
			baseConfigurationReference = 01ED6C31F6B0388C47300861 /* Pods-Star Wars AppUITests.debug.xcconfig */;
			buildSettings = {
				ALWAYS_EMBED_SWIFT_STANDARD_LIBRARIES = YES;
				CODE_SIGN_STYLE = Automatic;
				DEVELOPMENT_TEAM = C3YP8P798R;
				INFOPLIST_FILE = "Star Wars AppUITests/Info.plist";
				LD_RUNPATH_SEARCH_PATHS = "$(inherited) @executable_path/Frameworks @loader_path/Frameworks";
				PRODUCT_BUNDLE_IDENTIFIER = "com.salmanfakhri.Star-Wars-AppUITests";
				PRODUCT_NAME = "$(TARGET_NAME)";
				SWIFT_VERSION = 4.0;
				TARGETED_DEVICE_FAMILY = "1,2";
				TEST_TARGET_NAME = "Star Wars App";
			};
			name = Debug;
		};
		C9618BC41FB7D0B50054BE68 /* Release */ = {
			isa = XCBuildConfiguration;
			baseConfigurationReference = D61BFFE8066956ED0FDE5F4E /* Pods-Star Wars AppUITests.release.xcconfig */;
			buildSettings = {
				ALWAYS_EMBED_SWIFT_STANDARD_LIBRARIES = YES;
				CODE_SIGN_STYLE = Automatic;
				DEVELOPMENT_TEAM = C3YP8P798R;
				INFOPLIST_FILE = "Star Wars AppUITests/Info.plist";
				LD_RUNPATH_SEARCH_PATHS = "$(inherited) @executable_path/Frameworks @loader_path/Frameworks";
				PRODUCT_BUNDLE_IDENTIFIER = "com.salmanfakhri.Star-Wars-AppUITests";
				PRODUCT_NAME = "$(TARGET_NAME)";
				SWIFT_VERSION = 4.0;
				TARGETED_DEVICE_FAMILY = "1,2";
				TEST_TARGET_NAME = "Star Wars App";
			};
			name = Release;
		};
/* End XCBuildConfiguration section */

/* Begin XCConfigurationList section */
		C9618B8F1FB7D0B40054BE68 /* Build configuration list for PBXProject "Star Wars App" */ = {
			isa = XCConfigurationList;
			buildConfigurations = (
				C9618BBA1FB7D0B50054BE68 /* Debug */,
				C9618BBB1FB7D0B50054BE68 /* Release */,
			);
			defaultConfigurationIsVisible = 0;
			defaultConfigurationName = Release;
		};
		C9618BBC1FB7D0B50054BE68 /* Build configuration list for PBXNativeTarget "Star Wars App" */ = {
			isa = XCConfigurationList;
			buildConfigurations = (
				C9618BBD1FB7D0B50054BE68 /* Debug */,
				C9618BBE1FB7D0B50054BE68 /* Release */,
			);
			defaultConfigurationIsVisible = 0;
			defaultConfigurationName = Release;
		};
		C9618BBF1FB7D0B50054BE68 /* Build configuration list for PBXNativeTarget "Star Wars AppTests" */ = {
			isa = XCConfigurationList;
			buildConfigurations = (
				C9618BC01FB7D0B50054BE68 /* Debug */,
				C9618BC11FB7D0B50054BE68 /* Release */,
			);
			defaultConfigurationIsVisible = 0;
			defaultConfigurationName = Release;
		};
		C9618BC21FB7D0B50054BE68 /* Build configuration list for PBXNativeTarget "Star Wars AppUITests" */ = {
			isa = XCConfigurationList;
			buildConfigurations = (
				C9618BC31FB7D0B50054BE68 /* Debug */,
				C9618BC41FB7D0B50054BE68 /* Release */,
			);
			defaultConfigurationIsVisible = 0;
			defaultConfigurationName = Release;
		};
/* End XCConfigurationList section */
	};
	rootObject = C9618B8C1FB7D0B40054BE68 /* Project object */;
}
